
Microsoft Visual Studio Solution File, Format Version 12.00
# Visual Studio Version 17
VisualStudioVersion = 17.14.36603.0
MinimumVisualStudioVersion = 10.0.40219.1
Project("{FAE04EC0-301F-11D3-BF4B-00C04F79EFBC}") = "QuizApp.API", "QuizApp.API\QuizApp.API.csproj", "{8B1D6191-33B5-4773-B033-E13252EC08B3}"
	ProjectSection(ProjectDependencies) = postProject
		{2D00EAA1-4FB1-41F6-B6F4-B8CC1E48B6D4} = {2D00EAA1-4FB1-41F6-B6F4-B8CC1E48B6D4}
	EndProjectSection
EndProject
Project("{FAE04EC0-301F-11D3-BF4B-00C04F79EFBC}") = "QuizApp.WPF", "QuizApp.WPF\QuizApp.WPF.csproj", "{5848BF2E-342D-422D-AF25-8FFEB11A57C9}"
	ProjectSection(ProjectDependencies) = postProject
		{2D00EAA1-4FB1-41F6-B6F4-B8CC1E48B6D4} = {2D00EAA1-4FB1-41F6-B6F4-B8CC1E48B6D4}
	EndProjectSection
EndProject
Project("{FAE04EC0-301F-11D3-BF4B-00C04F79EFBC}") = "QuizApp.Shared", "QuizApp.Shared\QuizApp.Shared.csproj", "{2D00EAA1-4FB1-41F6-B6F4-B8CC1E48B6D4}"
EndProject
Project("{930C7802-8A8C-48F9-8165-68863BCCD9DD}") = "QuizApp.Installer", "QuizApp.Installer\QuizApp.Installer.wixproj", "{13929E6E-EB5C-49CA-A3C9-8C594A49B091}"
EndProject
Global
	GlobalSection(SolutionConfigurationPlatforms) = preSolution
		Debug|Any CPU = Debug|Any CPU
		Debug|x86 = Debug|x86
		Release|Any CPU = Release|Any CPU
		Release|x86 = Release|x86
	EndGlobalSection
	GlobalSection(ProjectConfigurationPlatforms) = postSolution
		{8B1D6191-33B5-4773-B033-E13252EC08B3}.Debug|Any CPU.ActiveCfg = Debug|Any CPU
		{8B1D6191-33B5-4773-B033-E13252EC08B3}.Debug|Any CPU.Build.0 = Debug|Any CPU
		{8B1D6191-33B5-4773-B033-E13252EC08B3}.Debug|x86.ActiveCfg = Debug|Any CPU
		{8B1D6191-33B5-4773-B033-E13252EC08B3}.Debug|x86.Build.0 = Debug|Any CPU
		{8B1D6191-33B5-4773-B033-E13252EC08B3}.Release|Any CPU.ActiveCfg = Release|Any CPU
		{8B1D6191-33B5-4773-B033-E13252EC08B3}.Release|Any CPU.Build.0 = Release|Any CPU
		{8B1D6191-33B5-4773-B033-E13252EC08B3}.Release|x86.ActiveCfg = Release|Any CPU
		{8B1D6191-33B5-4773-B033-E13252EC08B3}.Release|x86.Build.0 = Release|Any CPU
		{5848BF2E-342D-422D-AF25-8FFEB11A57C9}.Debug|Any CPU.ActiveCfg = Debug|Any CPU
		{5848BF2E-342D-422D-AF25-8FFEB11A57C9}.Debug|Any CPU.Build.0 = Debug|Any CPU
		{5848BF2E-342D-422D-AF25-8FFEB11A57C9}.Debug|x86.ActiveCfg = Debug|Any CPU
		{5848BF2E-342D-422D-AF25-8FFEB11A57C9}.Debug|x86.Build.0 = Debug|Any CPU
		{5848BF2E-342D-422D-AF25-8FFEB11A57C9}.Release|Any CPU.ActiveCfg = Release|Any CPU
		{5848BF2E-342D-422D-AF25-8FFEB11A57C9}.Release|Any CPU.Build.0 = Release|Any CPU
		{5848BF2E-342D-422D-AF25-8FFEB11A57C9}.Release|x86.ActiveCfg = Release|Any CPU
		{5848BF2E-342D-422D-AF25-8FFEB11A57C9}.Release|x86.Build.0 = Release|Any CPU
		{2D00EAA1-4FB1-41F6-B6F4-B8CC1E48B6D4}.Debug|Any CPU.ActiveCfg = Debug|Any CPU
		{2D00EAA1-4FB1-41F6-B6F4-B8CC1E48B6D4}.Debug|Any CPU.Build.0 = Debug|Any CPU
		{2D00EAA1-4FB1-41F6-B6F4-B8CC1E48B6D4}.Debug|x86.ActiveCfg = Debug|Any CPU
		{2D00EAA1-4FB1-41F6-B6F4-B8CC1E48B6D4}.Debug|x86.Build.0 = Debug|Any CPU
		{2D00EAA1-4FB1-41F6-B6F4-B8CC1E48B6D4}.Release|Any CPU.ActiveCfg = Release|Any CPU
		{2D00EAA1-4FB1-41F6-B6F4-B8CC1E48B6D4}.Release|Any CPU.Build.0 = Release|Any CPU
		{2D00EAA1-4FB1-41F6-B6F4-B8CC1E48B6D4}.Release|x86.ActiveCfg = Release|Any CPU
		{2D00EAA1-4FB1-41F6-B6F4-B8CC1E48B6D4}.Release|x86.Build.0 = Release|Any CPU
		{13929E6E-EB5C-49CA-A3C9-8C594A49B091}.Debug|Any CPU.ActiveCfg = Debug|x86
		{13929E6E-EB5C-49CA-A3C9-8C594A49B091}.Debug|Any CPU.Build.0 = Debug|x86
		{13929E6E-EB5C-49CA-A3C9-8C594A49B091}.Debug|x86.ActiveCfg = Debug|x86
		{13929E6E-EB5C-49CA-A3C9-8C594A49B091}.Debug|x86.Build.0 = Debug|x86
		{13929E6E-EB5C-49CA-A3C9-8C594A49B091}.Release|Any CPU.ActiveCfg = Release|x86
		{13929E6E-EB5C-49CA-A3C9-8C594A49B091}.Release|Any CPU.Build.0 = Release|x86
		{13929E6E-EB5C-49CA-A3C9-8C594A49B091}.Release|x86.ActiveCfg = Release|x86
		{13929E6E-EB5C-49CA-A3C9-8C594A49B091}.Release|x86.Build.0 = Release|x86
	EndGlobalSection
	GlobalSection(SolutionProperties) = preSolution
		HideSolutionNode = FALSE
	EndGlobalSection
	GlobalSection(ExtensibilityGlobals) = postSolution
		SolutionGuid = {A3D233FE-6955-4DA9-9CD2-BC8E7FBE66B9}
	EndGlobalSection
EndGlobal
